// !$*UTF8*$!
{
	archiveVersion = 1;
	classes = {
	};
	objectVersion = 50;
	objects = {

/* Begin PBXBuildFile section */
		BE4926A624C1A9B6002FAEFC /* AppDelegate.swift in Sources */ = {isa = PBXBuildFile; fileRef = BE4926A524C1A9B6002FAEFC /* AppDelegate.swift */; };
		BE4926A824C1A9B6002FAEFC /* SceneDelegate.swift in Sources */ = {isa = PBXBuildFile; fileRef = BE4926A724C1A9B6002FAEFC /* SceneDelegate.swift */; };
		BE4926AA24C1A9B6002FAEFC /* ViewController.swift in Sources */ = {isa = PBXBuildFile; fileRef = BE4926A924C1A9B6002FAEFC /* ViewController.swift */; };
		BE4926AD24C1A9B6002FAEFC /* Main.storyboard in Resources */ = {isa = PBXBuildFile; fileRef = BE4926AB24C1A9B6002FAEFC /* Main.storyboard */; };
		BE4926AF24C1A9B7002FAEFC /* Assets.xcassets in Resources */ = {isa = PBXBuildFile; fileRef = BE4926AE24C1A9B7002FAEFC /* Assets.xcassets */; };
		BE4926B224C1A9B7002FAEFC /* LaunchScreen.storyboard in Resources */ = {isa = PBXBuildFile; fileRef = BE4926B024C1A9B7002FAEFC /* LaunchScreen.storyboard */; };
/* End PBXBuildFile section */

/* Begin PBXFileReference section */
		BE4926A224C1A9B6002FAEFC /* True..app */ = {isa = PBXFileReference; explicitFileType = wrapper.application; includeInIndex = 0; path = True..app; sourceTree = BUILT_PRODUCTS_DIR; };
		BE4926A524C1A9B6002FAEFC /* AppDelegate.swift */ = {isa = PBXFileReference; lastKnownFileType = sourcecode.swift; path = AppDelegate.swift; sourceTree = "<group>"; };
		BE4926A724C1A9B6002FAEFC /* SceneDelegate.swift */ = {isa = PBXFileReference; lastKnownFileType = sourcecode.swift; path = SceneDelegate.swift; sourceTree = "<group>"; };
		BE4926A924C1A9B6002FAEFC /* ViewController.swift */ = {isa = PBXFileReference; lastKnownFileType = sourcecode.swift; path = ViewController.swift; sourceTree = "<group>"; };
		BE4926AC24C1A9B6002FAEFC /* Base */ = {isa = PBXFileReference; lastKnownFileType = file.storyboard; name = Base; path = Base.lproj/Main.storyboard; sourceTree = "<group>"; };
		BE4926AE24C1A9B7002FAEFC /* Assets.xcassets */ = {isa = PBXFileReference; lastKnownFileType = folder.assetcatalog; path = Assets.xcassets; sourceTree = "<group>"; };
		BE4926B124C1A9B7002FAEFC /* Base */ = {isa = PBXFileReference; lastKnownFileType = file.storyboard; name = Base; path = Base.lproj/LaunchScreen.storyboard; sourceTree = "<group>"; };
		BE4926B324C1A9B7002FAEFC /* Info.plist */ = {isa = PBXFileReference; lastKnownFileType = text.plist.xml; path = Info.plist; sourceTree = "<group>"; };
/* End PBXFileReference section */

/* Begin PBXFrameworksBuildPhase section */
		BE49269F24C1A9B6002FAEFC /* Frameworks */ = {
			isa = PBXFrameworksBuildPhase;
			buildActionMask = 2147483647;
			files = (
			);
			runOnlyForDeploymentPostprocessing = 0;
		};
/* End PBXFrameworksBuildPhase section */

/* Begin PBXGroup section */
		BE49269924C1A9B6002FAEFC = {
			isa = PBXGroup;
			children = (
				BE4926A424C1A9B6002FAEFC /* True. */,
				BE4926A324C1A9B6002FAEFC /* Products */,
			);
			sourceTree = "<group>";
		};
		BE4926A324C1A9B6002FAEFC /* Products */ = {
			isa = PBXGroup;
			children = (
				BE4926A224C1A9B6002FAEFC /* True..app */,
			);
			name = Products;
			sourceTree = "<group>";
		};
		BE4926A424C1A9B6002FAEFC /* True. */ = {
			isa = PBXGroup;
			children = (
				BE4926A524C1A9B6002FAEFC /* AppDelegate.swift */,
				BE4926A724C1A9B6002FAEFC /* SceneDelegate.swift */,
				BE4926A924C1A9B6002FAEFC /* ViewController.swift */,
				BE4926AB24C1A9B6002FAEFC /* Main.storyboard */,
				BE4926AE24C1A9B7002FAEFC /* Assets.xcassets */,
				BE4926B024C1A9B7002FAEFC /* LaunchScreen.storyboard */,
				BE4926B324C1A9B7002FAEFC /* Info.plist */,
			);
			path = True.;
			sourceTree = "<group>";
		};
/* End PBXGroup section */

/* Begin PBXNativeTarget section */
		BE4926A124C1A9B6002FAEFC /* True. */ = {
			isa = PBXNativeTarget;
			buildConfigurationList = BE4926B624C1A9B7002FAEFC /* Build configuration list for PBXNativeTarget "True." */;
			buildPhases = (
				BE49269E24C1A9B6002FAEFC /* Sources */,
				BE49269F24C1A9B6002FAEFC /* Frameworks */,
				BE4926A024C1A9B6002FAEFC /* Resources */,
			);
			buildRules = (
			);
			dependencies = (
			);
			name = True.;
			productName = True.;
			productReference = BE4926A224C1A9B6002FAEFC /* True..app */;
			productType = "com.apple.product-type.application";
		};
/* End PBXNativeTarget section */

/* Begin PBXProject section */
		BE49269A24C1A9B6002FAEFC /* Project object */ = {
			isa = PBXProject;
			attributes = {
				LastSwiftUpdateCheck = 1160;
				LastUpgradeCheck = 1160;
				ORGANIZATIONNAME = "Julien Segers";
				TargetAttributes = {
					BE4926A124C1A9B6002FAEFC = {
						CreatedOnToolsVersion = 11.6;
					};
				};
			};
			buildConfigurationList = BE49269D24C1A9B6002FAEFC /* Build configuration list for PBXProject "True." */;
			compatibilityVersion = "Xcode 9.3";
			developmentRegion = en;
			hasScannedForEncodings = 0;
			knownRegions = (
				en,
				Base,
			);
			mainGroup = BE49269924C1A9B6002FAEFC;
			productRefGroup = BE4926A324C1A9B6002FAEFC /* Products */;
			projectDirPath = "";
			projectRoot = "";
			targets = (
				BE4926A124C1A9B6002FAEFC /* True. */,
			);
		};
/* End PBXProject section */

/* Begin PBXResourcesBuildPhase section */
		BE4926A024C1A9B6002FAEFC /* Resources */ = {
			isa = PBXResourcesBuildPhase;
			buildActionMask = 2147483647;
			files = (
				BE4926B224C1A9B7002FAEFC /* LaunchScreen.storyboard in Resources */,
				BE4926AF24C1A9B7002FAEFC /* Assets.xcassets in Resources */,
				BE4926AD24C1A9B6002FAEFC /* Main.storyboard in Resources */,
			);
			runOnlyForDeploymentPostprocessing = 0;
		};
/* End PBXResourcesBuildPhase section */

/* Begin PBXSourcesBuildPhase section */
		BE49269E24C1A9B6002FAEFC /* Sources */ = {
			isa = PBXSourcesBuildPhase;
			buildActionMask = 2147483647;
			files = (
				BE4926AA24C1A9B6002FAEFC /* ViewController.swift in Sources */,
				BE4926A624C1A9B6002FAEFC /* AppDelegate.swift in Sources */,
				BE4926A824C1A9B6002FAEFC /* SceneDelegate.swift in Sources */,
			);
			runOnlyForDeploymentPostprocessing = 0;
		};
/* End PBXSourcesBuildPhase section */

/* Begin PBXVariantGroup section */
		BE4926AB24C1A9B6002FAEFC /* Main.storyboard */ = {
			isa = PBXVariantGroup;
			children = (
				BE4926AC24C1A9B6002FAEFC /* Base */,
			);
			name = Main.storyboard;
			sourceTree = "<group>";
		};
		BE4926B024C1A9B7002FAEFC /* LaunchScreen.storyboard */ = {
			isa = PBXVariantGroup;
			children = (
				BE4926B124C1A9B7002FAEFC /* Base */,
			);
			name = LaunchScreen.storyboard;
			sourceTree = "<group>";
		};
/* End PBXVariantGroup section */

/* Begin XCBuildConfiguration section */
		BE4926B424C1A9B7002FAEFC /* Debug */ = {
			isa = XCBuildConfiguration;
			buildSettings = {
				ALWAYS_SEARCH_USER_PATHS = NO;
				CLANG_ANALYZER_NONNULL = YES;
				CLANG_ANALYZER_NUMBER_OBJECT_CONVERSION = YES_AGGRESSIVE;
				CLANG_CXX_LANGUAGE_STANDARD = "gnu++14";
				CLANG_CXX_LIBRARY = "libc++";
				CLANG_ENABLE_MODULES = YES;
				CLANG_ENABLE_OBJC_ARC = YES;
				CLANG_ENABLE_OBJC_WEAK = YES;
				CLANG_WARN_BLOCK_CAPTURE_AUTORELEASING = YES;
				CLANG_WARN_BOOL_CONVERSION = YES;
				CLANG_WARN_COMMA = YES;
				CLANG_WARN_CONSTANT_CONVERSION = YES;
				CLANG_WARN_DEPRECATED_OBJC_IMPLEMENTATIONS = YES;
				CLANG_WARN_DIRECT_OBJC_ISA_USAGE = YES_ERROR;
				CLANG_WARN_DOCUMENTATION_COMMENTS = YES;
				CLANG_WARN_EMPTY_BODY = YES;
				CLANG_WARN_ENUM_CONVERSION = YES;
				CLANG_WARN_INFINITE_RECURSION = YES;
				CLANG_WARN_INT_CONVERSION = YES;
				CLANG_WARN_NON_LITERAL_NULL_CONVERSION = YES;
				CLANG_WARN_OBJC_IMPLICIT_RETAIN_SELF = YES;
				CLANG_WARN_OBJC_LITERAL_CONVERSION = YES;
				CLANG_WARN_OBJC_ROOT_CLASS = YES_ERROR;
				CLANG_WARN_RANGE_LOOP_ANALYSIS = YES;
				CLANG_WARN_STRICT_PROTOTYPES = YES;
				CLANG_WARN_SUSPICIOUS_MOVE = YES;
				CLANG_WARN_UNGUARDED_AVAILABILITY = YES_AGGRESSIVE;
				CLANG_WARN_UNREACHABLE_CODE = YES;
				CLANG_WARN__DUPLICATE_METHOD_MATCH = YES;
				COPY_PHASE_STRIP = NO;
				DEBUG_INFORMATION_FORMAT = dwarf;
				ENABLE_STRICT_OBJC_MSGSEND = YES;
				ENABLE_TESTABILITY = YES;
				GCC_C_LANGUAGE_STANDARD = gnu11;
				GCC_DYNAMIC_NO_PIC = NO;
				GCC_NO_COMMON_BLOCKS = YES;
				GCC_OPTIMIZATION_LEVEL = 0;
				GCC_PREPROCESSOR_DEFINITIONS = (
					"DEBUG=1",
					"$(inherited)",
				);
				GCC_WARN_64_TO_32_BIT_CONVERSION = YES;
				GCC_WARN_ABOUT_RETURN_TYPE = YES_ERROR;
				GCC_WARN_UNDECLARED_SELECTOR = YES;
				GCC_WARN_UNINITIALIZED_AUTOS = YES_AGGRESSIVE;
				GCC_WARN_UNUSED_FUNCTION = YES;
				GCC_WARN_UNUSED_VARIABLE = YES;
				IPHONEOS_DEPLOYMENT_TARGET = 13.6;
				MTL_ENABLE_DEBUG_INFO = INCLUDE_SOURCE;
				MTL_FAST_MATH = YES;
				ONLY_ACTIVE_ARCH = YES;
				SDKROOT = iphoneos;
				SWIFT_ACTIVE_COMPILATION_CONDITIONS = DEBUG;
				SWIFT_OPTIMIZATION_LEVEL = "-Onone";
			};
			name = Debug;
		};
		BE4926B524C1A9B7002FAEFC /* Release */ = {
			isa = XCBuildConfiguration;
			buildSettings = {
				ALWAYS_SEARCH_USER_PATHS = NO;
				CLANG_ANALYZER_NONNULL = YES;
				CLANG_ANALYZER_NUMBER_OBJECT_CONVERSION = YES_AGGRESSIVE;
				CLANG_CXX_LANGUAGE_STANDARD = "gnu++14";
				CLANG_CXX_LIBRARY = "libc++";
				CLANG_ENABLE_MODULES = YES;
				CLANG_ENABLE_OBJC_ARC = YES;
				CLANG_ENABLE_OBJC_WEAK = YES;
				CLANG_WARN_BLOCK_CAPTURE_AUTORELEASING = YES;
				CLANG_WARN_BOOL_CONVERSION = YES;
				CLANG_WARN_COMMA = YES;
				CLANG_WARN_CONSTANT_CONVERSION = YES;
				CLANG_WARN_DEPRECATED_OBJC_IMPLEMENTATIONS = YES;
				CLANG_WARN_DIRECT_OBJC_ISA_USAGE = YES_ERROR;
				CLANG_WARN_DOCUMENTATION_COMMENTS = YES;
				CLANG_WARN_EMPTY_BODY = YES;
				CLANG_WARN_ENUM_CONVERSION = YES;
				CLANG_WARN_INFINITE_RECURSION = YES;
				CLANG_WARN_INT_CONVERSION = YES;
				CLANG_WARN_NON_LITERAL_NULL_CONVERSION = YES;
				CLANG_WARN_OBJC_IMPLICIT_RETAIN_SELF = YES;
				CLANG_WARN_OBJC_LITERAL_CONVERSION = YES;
				CLANG_WARN_OBJC_ROOT_CLASS = YES_ERROR;
				CLANG_WARN_RANGE_LOOP_ANALYSIS = YES;
				CLANG_WARN_STRICT_PROTOTYPES = YES;
				CLANG_WARN_SUSPICIOUS_MOVE = YES;
				CLANG_WARN_UNGUARDED_AVAILABILITY = YES_AGGRESSIVE;
				CLANG_WARN_UNREACHABLE_CODE = YES;
				CLANG_WARN__DUPLICATE_METHOD_MATCH = YES;
				COPY_PHASE_STRIP = NO;
				DEBUG_INFORMATION_FORMAT = "dwarf-with-dsym";
				ENABLE_NS_ASSERTIONS = NO;
				ENABLE_STRICT_OBJC_MSGSEND = YES;
				GCC_C_LANGUAGE_STANDARD = gnu11;
				GCC_NO_COMMON_BLOCKS = YES;
				GCC_WARN_64_TO_32_BIT_CONVERSION = YES;
				GCC_WARN_ABOUT_RETURN_TYPE = YES_ERROR;
				GCC_WARN_UNDECLARED_SELECTOR = YES;
				GCC_WARN_UNINITIALIZED_AUTOS = YES_AGGRESSIVE;
				GCC_WARN_UNUSED_FUNCTION = YES;
				GCC_WARN_UNUSED_VARIABLE = YES;
				IPHONEOS_DEPLOYMENT_TARGET = 13.6;
				MTL_ENABLE_DEBUG_INFO = NO;
				MTL_FAST_MATH = YES;
				SDKROOT = iphoneos;
				SWIFT_COMPILATION_MODE = wholemodule;
				SWIFT_OPTIMIZATION_LEVEL = "-O";
				VALIDATE_PRODUCT = YES;
			};
			name = Release;
		};
		BE4926B724C1A9B7002FAEFC /* Debug */ = {
			isa = XCBuildConfiguration;
			buildSettings = {
				ASSETCATALOG_COMPILER_APPICON_NAME = AppIcon;
				CODE_SIGN_STYLE = Automatic;
				DEVELOPMENT_TEAM = 24JFNMT5M2;
				INFOPLIST_FILE = True./Info.plist;
				LD_RUNPATH_SEARCH_PATHS = (
					"$(inherited)",
					"@executable_path/Frameworks",
				);
				PRODUCT_BUNDLE_IDENTIFIER = "com.juliensegers.True-";
				PRODUCT_NAME = "$(TARGET_NAME)";
				SWIFT_VERSION = 5.0;
				TARGETED_DEVICE_FAMILY = "1,2";
			};
			name = Debug;
		};
		BE4926B824C1A9B7002FAEFC /* Release */ = {
			isa = XCBuildConfiguration;
			buildSettings = {
				ASSETCATALOG_COMPILER_APPICON_NAME = AppIcon;
				CODE_SIGN_STYLE = Automatic;
				DEVELOPMENT_TEAM = 24JFNMT5M2;
				INFOPLIST_FILE = True./Info.plist;
				LD_RUNPATH_SEARCH_PATHS = (
					"$(inherited)",
					"@executable_path/Frameworks",
				);
				PRODUCT_BUNDLE_IDENTIFIER = "com.juliensegers.True-";
				PRODUCT_NAME = "$(TARGET_NAME)";
				SWIFT_VERSION = 5.0;
				TARGETED_DEVICE_FAMILY = "1,2";
			};
			name = Release;
		};
/* End XCBuildConfiguration section */

/* Begin XCConfigurationList section */
		BE49269D24C1A9B6002FAEFC /* Build configuration list for PBXProject "True." */ = {
			isa = XCConfigurationList;
			buildConfigurations = (
				BE4926B424C1A9B7002FAEFC /* Debug */,
				BE4926B524C1A9B7002FAEFC /* Release */,
			);
			defaultConfigurationIsVisible = 0;
			defaultConfigurationName = Release;
		};
		BE4926B624C1A9B7002FAEFC /* Build configuration list for PBXNativeTarget "True." */ = {
			isa = XCConfigurationList;
			buildConfigurations = (
				BE4926B724C1A9B7002FAEFC /* Debug */,
				BE4926B824C1A9B7002FAEFC /* Release */,
			);
			defaultConfigurationIsVisible = 0;
			defaultConfigurationName = Release;
		};
/* End XCConfigurationList section */
	};
	rootObject = BE49269A24C1A9B6002FAEFC /* Project object */;
}
